
Microsoft Visual Studio Solution File, Format Version 12.00
# Visual Studio Version 17
VisualStudioVersion = 17.11.35222.181
MinimumVisualStudioVersion = 10.0.40219.1
Project("{8BC9CEB8-8B4A-11D0-8D11-00A0C91BC942}") = "АиСД4", "АиСД4\АиСД4.vcxproj", "{39C2EBC5-BAFB-497D-8F58-73660B567343}"
EndProject
Global
	GlobalSection(SolutionConfigurationPlatforms) = preSolution
		Debug|x64 = Debug|x64
		Debug|x86 = Debug|x86
		Release|x64 = Release|x64
		Release|x86 = Release|x86
	EndGlobalSection
	GlobalSection(ProjectConfigurationPlatforms) = postSolution
		{39C2EBC5-BAFB-497D-8F58-73660B567343}.Debug|x64.ActiveCfg = Debug|x64
		{39C2EBC5-BAFB-497D-8F58-73660B567343}.Debug|x64.Build.0 = Debug|x64
		{39C2EBC5-BAFB-497D-8F58-73660B567343}.Debug|x86.ActiveCfg = Debug|Win32
		{39C2EBC5-BAFB-497D-8F58-73660B567343}.Debug|x86.Build.0 = Debug|Win32
		{39C2EBC5-BAFB-497D-8F58-73660B567343}.Release|x64.ActiveCfg = Release|x64
		{39C2EBC5-BAFB-497D-8F58-73660B567343}.Release|x64.Build.0 = Release|x64
		{39C2EBC5-BAFB-497D-8F58-73660B567343}.Release|x86.ActiveCfg = Release|Win32
		{39C2EBC5-BAFB-497D-8F58-73660B567343}.Release|x86.Build.0 = Release|Win32
	EndGlobalSection
	GlobalSection(SolutionProperties) = preSolution
		HideSolutionNode = FALSE
	EndGlobalSection
	GlobalSection(ExtensibilityGlobals) = postSolution
		SolutionGuid = {3B680C63-B28A-46F6-BC1D-955D1B55A326}
	EndGlobalSection
EndGlobal
